NeoBundleLock neobundle.vim cfbbde55a6b64251a7edec37f114bde614113613
NeoBundleLock neocomplcache 778181767467b8f8016828898779a646074d883a
NeoBundleLock neosnippet bbd764ebbc2b80c0981e804b4b3ae0169d43fc02
NeoBundleLock neosnippet-snippets 4e7b0a3962742eccaae298100e23e599d384ea67
NeoBundleLock vim-latex 908ef75937ce908998edb4bd01c7152704978f3e
NeoBundleLock vimproc 78cbb5c683026085de133f160929ccc56a6b203a
